
Microsoft Visual Studio Solution File, Format Version 12.00
# Visual Studio 14
VisualStudioVersion = 14.0.25420.1
MinimumVisualStudioVersion = 10.0.40219.1
Project("{D954291E-2A0B-460D-934E-DC6B0785DB48}") = "IBeaconPrototype", "IBeaconPrototype\IBeaconPrototype\IBeaconPrototype.shproj", "{A70BDA0D-5074-482A-8B5E-922F1FA6AB01}"
EndProject
Project("{FAE04EC0-301F-11D3-BF4B-00C04F79EFBC}") = "IBeaconPrototype.iOS", "IBeaconPrototype\IBeaconPrototype.iOS\IBeaconPrototype.iOS.csproj", "{FFBC04EE-69B5-4C42-AD8D-E5CEF89B31A0}"
EndProject
Global
	GlobalSection(SharedMSBuildProjectFiles) = preSolution
		IBeaconPrototype\IBeaconPrototype\IBeaconPrototype.projitems*{a70bda0d-5074-482a-8b5e-922f1fa6ab01}*SharedItemsImports = 13
		IBeaconPrototype\IBeaconPrototype\IBeaconPrototype.projitems*{ffbc04ee-69b5-4c42-ad8d-e5cef89b31a0}*SharedItemsImports = 4
	EndGlobalSection
	GlobalSection(SolutionConfigurationPlatforms) = preSolution
		Ad-Hoc|Any CPU = Ad-Hoc|Any CPU
		Ad-Hoc|iPhone = Ad-Hoc|iPhone
		Ad-Hoc|iPhoneSimulator = Ad-Hoc|iPhoneSimulator
		AppStore|Any CPU = AppStore|Any CPU
		AppStore|iPhone = AppStore|iPhone
		AppStore|iPhoneSimulator = AppStore|iPhoneSimulator
		Debug|Any CPU = Debug|Any CPU
		Debug|iPhone = Debug|iPhone
		Debug|iPhoneSimulator = Debug|iPhoneSimulator
		Release|Any CPU = Release|Any CPU
		Release|iPhone = Release|iPhone
		Release|iPhoneSimulator = Release|iPhoneSimulator
	EndGlobalSection
	GlobalSection(ProjectConfigurationPlatforms) = postSolution
		{FFBC04EE-69B5-4C42-AD8D-E5CEF89B31A0}.Ad-Hoc|Any CPU.ActiveCfg = Ad-Hoc|iPhone
		{FFBC04EE-69B5-4C42-AD8D-E5CEF89B31A0}.Ad-Hoc|iPhone.ActiveCfg = Ad-Hoc|iPhone
		{FFBC04EE-69B5-4C42-AD8D-E5CEF89B31A0}.Ad-Hoc|iPhone.Build.0 = Ad-Hoc|iPhone
		{FFBC04EE-69B5-4C42-AD8D-E5CEF89B31A0}.Ad-Hoc|iPhoneSimulator.ActiveCfg = Ad-Hoc|iPhoneSimulator
		{FFBC04EE-69B5-4C42-AD8D-E5CEF89B31A0}.Ad-Hoc|iPhoneSimulator.Build.0 = Ad-Hoc|iPhoneSimulator
		{FFBC04EE-69B5-4C42-AD8D-E5CEF89B31A0}.AppStore|Any CPU.ActiveCfg = AppStore|iPhone
		{FFBC04EE-69B5-4C42-AD8D-E5CEF89B31A0}.AppStore|iPhone.ActiveCfg = AppStore|iPhone
		{FFBC04EE-69B5-4C42-AD8D-E5CEF89B31A0}.AppStore|iPhone.Build.0 = AppStore|iPhone
		{FFBC04EE-69B5-4C42-AD8D-E5CEF89B31A0}.AppStore|iPhoneSimulator.ActiveCfg = AppStore|iPhoneSimulator
		{FFBC04EE-69B5-4C42-AD8D-E5CEF89B31A0}.AppStore|iPhoneSimulator.Build.0 = AppStore|iPhoneSimulator
		{FFBC04EE-69B5-4C42-AD8D-E5CEF89B31A0}.Debug|Any CPU.ActiveCfg = Debug|iPhone
		{FFBC04EE-69B5-4C42-AD8D-E5CEF89B31A0}.Debug|iPhone.ActiveCfg = Debug|iPhone
		{FFBC04EE-69B5-4C42-AD8D-E5CEF89B31A0}.Debug|iPhone.Build.0 = Debug|iPhone
		{FFBC04EE-69B5-4C42-AD8D-E5CEF89B31A0}.Debug|iPhoneSimulator.ActiveCfg = Debug|iPhoneSimulator
		{FFBC04EE-69B5-4C42-AD8D-E5CEF89B31A0}.Debug|iPhoneSimulator.Build.0 = Debug|iPhoneSimulator
		{FFBC04EE-69B5-4C42-AD8D-E5CEF89B31A0}.Release|Any CPU.ActiveCfg = Release|iPhone
		{FFBC04EE-69B5-4C42-AD8D-E5CEF89B31A0}.Release|iPhone.ActiveCfg = Release|iPhone
		{FFBC04EE-69B5-4C42-AD8D-E5CEF89B31A0}.Release|iPhone.Build.0 = Release|iPhone
		{FFBC04EE-69B5-4C42-AD8D-E5CEF89B31A0}.Release|iPhoneSimulator.ActiveCfg = Release|iPhoneSimulator
		{FFBC04EE-69B5-4C42-AD8D-E5CEF89B31A0}.Release|iPhoneSimulator.Build.0 = Release|iPhoneSimulator
	EndGlobalSection
	GlobalSection(SolutionProperties) = preSolution
		HideSolutionNode = FALSE
	EndGlobalSection
EndGlobal
